// !$*UTF8*$!
{
	archiveVersion = 1;
	classes = {
	};
	objectVersion = 46;
	objects = {

/* Begin PBXBuildFile section */
		45A48747195831F900EF5CC7 /* Foundation.framework in Frameworks */ = {isa = PBXBuildFile; fileRef = 45A48746195831F900EF5CC7 /* Foundation.framework */; };
		45A48749195831F900EF5CC7 /* CoreGraphics.framework in Frameworks */ = {isa = PBXBuildFile; fileRef = 45A48748195831F900EF5CC7 /* CoreGraphics.framework */; };
		45A4874B195831F900EF5CC7 /* UIKit.framework in Frameworks */ = {isa = PBXBuildFile; fileRef = 45A4874A195831F900EF5CC7 /* UIKit.framework */; };
		45A48751195831F900EF5CC7 /* InfoPlist.strings in Resources */ = {isa = PBXBuildFile; fileRef = 45A4874F195831F900EF5CC7 /* InfoPlist.strings */; };
		45A48753195831F900EF5CC7 /* main.m in Sources */ = {isa = PBXBuildFile; fileRef = 45A48752195831F900EF5CC7 /* main.m */; };
		45A48757195831F900EF5CC7 /* DPBAppDelegate.m in Sources */ = {isa = PBXBuildFile; fileRef = 45A48756195831F900EF5CC7 /* DPBAppDelegate.m */; };
		45A4875A195831F900EF5CC7 /* Main.storyboard in Resources */ = {isa = PBXBuildFile; fileRef = 45A48758195831F900EF5CC7 /* Main.storyboard */; };
		45A4875D195831F900EF5CC7 /* DPBViewController.m in Sources */ = {isa = PBXBuildFile; fileRef = 45A4875C195831F900EF5CC7 /* DPBViewController.m */; };
		45A4875F195831F900EF5CC7 /* Images.xcassets in Resources */ = {isa = PBXBuildFile; fileRef = 45A4875E195831F900EF5CC7 /* Images.xcassets */; };
		45A48766195831F900EF5CC7 /* XCTest.framework in Frameworks */ = {isa = PBXBuildFile; fileRef = 45A48765195831F900EF5CC7 /* XCTest.framework */; };
		45A48767195831F900EF5CC7 /* Foundation.framework in Frameworks */ = {isa = PBXBuildFile; fileRef = 45A48746195831F900EF5CC7 /* Foundation.framework */; };
		45A48768195831F900EF5CC7 /* UIKit.framework in Frameworks */ = {isa = PBXBuildFile; fileRef = 45A4874A195831F900EF5CC7 /* UIKit.framework */; };
		45A48770195831F900EF5CC7 /* InfoPlist.strings in Resources */ = {isa = PBXBuildFile; fileRef = 45A4876E195831F900EF5CC7 /* InfoPlist.strings */; };
		45A48772195831F900EF5CC7 /* DesignPatternBuilderTests.m in Sources */ = {isa = PBXBuildFile; fileRef = 45A48771195831F900EF5CC7 /* DesignPatternBuilderTests.m */; };
		45A4877D195832CE00EF5CC7 /* DPBVehicle.m in Sources */ = {isa = PBXBuildFile; fileRef = 45A4877C195832CE00EF5CC7 /* DPBVehicle.m */; };
		45A487801958367200EF5CC7 /* DPBVehicleBuilder.m in Sources */ = {isa = PBXBuildFile; fileRef = 45A4877F1958367200EF5CC7 /* DPBVehicleBuilder.m */; };
		45A4878319583A1100EF5CC7 /* DPBVehicleAssemblyPlant.m in Sources */ = {isa = PBXBuildFile; fileRef = 45A4878219583A1100EF5CC7 /* DPBVehicleAssemblyPlant.m */; };
		45A4878C19584F4900EF5CC7 /* DPBSportsCar.m in Sources */ = {isa = PBXBuildFile; fileRef = 45A4878B19584F4900EF5CC7 /* DPBSportsCar.m */; };
		45A4878F1958512C00EF5CC7 /* DPBCoupeCar.m in Sources */ = {isa = PBXBuildFile; fileRef = 45A4878E1958512C00EF5CC7 /* DPBCoupeCar.m */; };
/* End PBXBuildFile section */

/* Begin PBXContainerItemProxy section */
		45A48769195831F900EF5CC7 /* PBXContainerItemProxy */ = {
			isa = PBXContainerItemProxy;
			containerPortal = 45A4873B195831F900EF5CC7 /* Project object */;
			proxyType = 1;
			remoteGlobalIDString = 45A48742195831F900EF5CC7;
			remoteInfo = DesignPatternBuilder;
		};
/* End PBXContainerItemProxy section */

/* Begin PBXFileReference section */
		45A48743195831F900EF5CC7 /* DesignPatternBuilder.app */ = {isa = PBXFileReference; explicitFileType = wrapper.application; includeInIndex = 0; path = DesignPatternBuilder.app; sourceTree = BUILT_PRODUCTS_DIR; };
		45A48746195831F900EF5CC7 /* Foundation.framework */ = {isa = PBXFileReference; lastKnownFileType = wrapper.framework; name = Foundation.framework; path = System/Library/Frameworks/Foundation.framework; sourceTree = SDKROOT; };
		45A48748195831F900EF5CC7 /* CoreGraphics.framework */ = {isa = PBXFileReference; lastKnownFileType = wrapper.framework; name = CoreGraphics.framework; path = System/Library/Frameworks/CoreGraphics.framework; sourceTree = SDKROOT; };
		45A4874A195831F900EF5CC7 /* UIKit.framework */ = {isa = PBXFileReference; lastKnownFileType = wrapper.framework; name = UIKit.framework; path = System/Library/Frameworks/UIKit.framework; sourceTree = SDKROOT; };
		45A4874E195831F900EF5CC7 /* DesignPatternBuilder-Info.plist */ = {isa = PBXFileReference; lastKnownFileType = text.plist.xml; path = "DesignPatternBuilder-Info.plist"; sourceTree = "<group>"; };
		45A48750195831F900EF5CC7 /* en */ = {isa = PBXFileReference; lastKnownFileType = text.plist.strings; name = en; path = en.lproj/InfoPlist.strings; sourceTree = "<group>"; };
		45A48752195831F900EF5CC7 /* main.m */ = {isa = PBXFileReference; lastKnownFileType = sourcecode.c.objc; path = main.m; sourceTree = "<group>"; };
		45A48754195831F900EF5CC7 /* DesignPatternBuilder-Prefix.pch */ = {isa = PBXFileReference; lastKnownFileType = sourcecode.c.h; path = "DesignPatternBuilder-Prefix.pch"; sourceTree = "<group>"; };
		45A48755195831F900EF5CC7 /* DPBAppDelegate.h */ = {isa = PBXFileReference; lastKnownFileType = sourcecode.c.h; path = DPBAppDelegate.h; sourceTree = "<group>"; };
		45A48756195831F900EF5CC7 /* DPBAppDelegate.m */ = {isa = PBXFileReference; lastKnownFileType = sourcecode.c.objc; path = DPBAppDelegate.m; sourceTree = "<group>"; };
		45A48759195831F900EF5CC7 /* Base */ = {isa = PBXFileReference; lastKnownFileType = file.storyboard; name = Base; path = Base.lproj/Main.storyboard; sourceTree = "<group>"; };
		45A4875B195831F900EF5CC7 /* DPBViewController.h */ = {isa = PBXFileReference; lastKnownFileType = sourcecode.c.h; path = DPBViewController.h; sourceTree = "<group>"; };
		45A4875C195831F900EF5CC7 /* DPBViewController.m */ = {isa = PBXFileReference; lastKnownFileType = sourcecode.c.objc; path = DPBViewController.m; sourceTree = "<group>"; };
		45A4875E195831F900EF5CC7 /* Images.xcassets */ = {isa = PBXFileReference; lastKnownFileType = folder.assetcatalog; path = Images.xcassets; sourceTree = "<group>"; };
		45A48764195831F900EF5CC7 /* DesignPatternBuilderTests.xctest */ = {isa = PBXFileReference; explicitFileType = wrapper.cfbundle; includeInIndex = 0; path = DesignPatternBuilderTests.xctest; sourceTree = BUILT_PRODUCTS_DIR; };
		45A48765195831F900EF5CC7 /* XCTest.framework */ = {isa = PBXFileReference; lastKnownFileType = wrapper.framework; name = XCTest.framework; path = Library/Frameworks/XCTest.framework; sourceTree = DEVELOPER_DIR; };
		45A4876D195831F900EF5CC7 /* DesignPatternBuilderTests-Info.plist */ = {isa = PBXFileReference; lastKnownFileType = text.plist.xml; path = "DesignPatternBuilderTests-Info.plist"; sourceTree = "<group>"; };
		45A4876F195831F900EF5CC7 /* en */ = {isa = PBXFileReference; lastKnownFileType = text.plist.strings; name = en; path = en.lproj/InfoPlist.strings; sourceTree = "<group>"; };
		45A48771195831F900EF5CC7 /* DesignPatternBuilderTests.m */ = {isa = PBXFileReference; lastKnownFileType = sourcecode.c.objc; path = DesignPatternBuilderTests.m; sourceTree = "<group>"; };
		45A4877B195832CE00EF5CC7 /* DPBVehicle.h */ = {isa = PBXFileReference; fileEncoding = 4; lastKnownFileType = sourcecode.c.h; path = DPBVehicle.h; sourceTree = "<group>"; };
		45A4877C195832CE00EF5CC7 /* DPBVehicle.m */ = {isa = PBXFileReference; fileEncoding = 4; lastKnownFileType = sourcecode.c.objc; path = DPBVehicle.m; sourceTree = "<group>"; };
		45A4877E1958367200EF5CC7 /* DPBVehicleBuilder.h */ = {isa = PBXFileReference; fileEncoding = 4; lastKnownFileType = sourcecode.c.h; path = DPBVehicleBuilder.h; sourceTree = "<group>"; };
		45A4877F1958367200EF5CC7 /* DPBVehicleBuilder.m */ = {isa = PBXFileReference; fileEncoding = 4; lastKnownFileType = sourcecode.c.objc; path = DPBVehicleBuilder.m; sourceTree = "<group>"; };
		45A4878119583A1100EF5CC7 /* DPBVehicleAssemblyPlant.h */ = {isa = PBXFileReference; fileEncoding = 4; lastKnownFileType = sourcecode.c.h; path = DPBVehicleAssemblyPlant.h; sourceTree = "<group>"; };
		45A4878219583A1100EF5CC7 /* DPBVehicleAssemblyPlant.m */ = {isa = PBXFileReference; fileEncoding = 4; lastKnownFileType = sourcecode.c.objc; path = DPBVehicleAssemblyPlant.m; sourceTree = "<group>"; };
		45A4878A19584F4900EF5CC7 /* DPBSportsCar.h */ = {isa = PBXFileReference; fileEncoding = 4; lastKnownFileType = sourcecode.c.h; path = DPBSportsCar.h; sourceTree = "<group>"; };
		45A4878B19584F4900EF5CC7 /* DPBSportsCar.m */ = {isa = PBXFileReference; fileEncoding = 4; lastKnownFileType = sourcecode.c.objc; path = DPBSportsCar.m; sourceTree = "<group>"; };
		45A4878D1958512C00EF5CC7 /* DPBCoupeCar.h */ = {isa = PBXFileReference; fileEncoding = 4; lastKnownFileType = sourcecode.c.h; path = DPBCoupeCar.h; sourceTree = "<group>"; };
		45A4878E1958512C00EF5CC7 /* DPBCoupeCar.m */ = {isa = PBXFileReference; fileEncoding = 4; lastKnownFileType = sourcecode.c.objc; path = DPBCoupeCar.m; sourceTree = "<group>"; };
/* End PBXFileReference section */

/* Begin PBXFrameworksBuildPhase section */
		45A48740195831F900EF5CC7 /* Frameworks */ = {
			isa = PBXFrameworksBuildPhase;
			buildActionMask = 2147483647;
			files = (
				45A48749195831F900EF5CC7 /* CoreGraphics.framework in Frameworks */,
				45A4874B195831F900EF5CC7 /* UIKit.framework in Frameworks */,
				45A48747195831F900EF5CC7 /* Foundation.framework in Frameworks */,
			);
			runOnlyForDeploymentPostprocessing = 0;
		};
		45A48761195831F900EF5CC7 /* Frameworks */ = {
			isa = PBXFrameworksBuildPhase;
			buildActionMask = 2147483647;
			files = (
				45A48766195831F900EF5CC7 /* XCTest.framework in Frameworks */,
				45A48768195831F900EF5CC7 /* UIKit.framework in Frameworks */,
				45A48767195831F900EF5CC7 /* Foundation.framework in Frameworks */,
			);
			runOnlyForDeploymentPostprocessing = 0;
		};
/* End PBXFrameworksBuildPhase section */

/* Begin PBXGroup section */
		45A4873A195831F900EF5CC7 = {
			isa = PBXGroup;
			children = (
				45A4878D1958512C00EF5CC7 /* DPBCoupeCar.h */,
				45A4878E1958512C00EF5CC7 /* DPBCoupeCar.m */,
				45A4878A19584F4900EF5CC7 /* DPBSportsCar.h */,
				45A4878B19584F4900EF5CC7 /* DPBSportsCar.m */,
				45A4878119583A1100EF5CC7 /* DPBVehicleAssemblyPlant.h */,
				45A4878219583A1100EF5CC7 /* DPBVehicleAssemblyPlant.m */,
				45A4877E1958367200EF5CC7 /* DPBVehicleBuilder.h */,
				45A4877F1958367200EF5CC7 /* DPBVehicleBuilder.m */,
				45A4877B195832CE00EF5CC7 /* DPBVehicle.h */,
				45A4877C195832CE00EF5CC7 /* DPBVehicle.m */,
				45A4874C195831F900EF5CC7 /* DesignPatternBuilder */,
				45A4876B195831F900EF5CC7 /* DesignPatternBuilderTests */,
				45A48745195831F900EF5CC7 /* Frameworks */,
				45A48744195831F900EF5CC7 /* Products */,
			);
			sourceTree = "<group>";
		};
		45A48744195831F900EF5CC7 /* Products */ = {
			isa = PBXGroup;
			children = (
				45A48743195831F900EF5CC7 /* DesignPatternBuilder.app */,
				45A48764195831F900EF5CC7 /* DesignPatternBuilderTests.xctest */,
			);
			name = Products;
			sourceTree = "<group>";
		};
		45A48745195831F900EF5CC7 /* Frameworks */ = {
			isa = PBXGroup;
			children = (
				45A48746195831F900EF5CC7 /* Foundation.framework */,
				45A48748195831F900EF5CC7 /* CoreGraphics.framework */,
				45A4874A195831F900EF5CC7 /* UIKit.framework */,
				45A48765195831F900EF5CC7 /* XCTest.framework */,
			);
			name = Frameworks;
			sourceTree = "<group>";
		};
		45A4874C195831F900EF5CC7 /* DesignPatternBuilder */ = {
			isa = PBXGroup;
			children = (
				45A48755195831F900EF5CC7 /* DPBAppDelegate.h */,
				45A48756195831F900EF5CC7 /* DPBAppDelegate.m */,
				45A48758195831F900EF5CC7 /* Main.storyboard */,
				45A4875B195831F900EF5CC7 /* DPBViewController.h */,
				45A4875C195831F900EF5CC7 /* DPBViewController.m */,
				45A4875E195831F900EF5CC7 /* Images.xcassets */,
				45A4874D195831F900EF5CC7 /* Supporting Files */,
			);
			path = DesignPatternBuilder;
			sourceTree = "<group>";
		};
		45A4874D195831F900EF5CC7 /* Supporting Files */ = {
			isa = PBXGroup;
			children = (
				45A4874E195831F900EF5CC7 /* DesignPatternBuilder-Info.plist */,
				45A4874F195831F900EF5CC7 /* InfoPlist.strings */,
				45A48752195831F900EF5CC7 /* main.m */,
				45A48754195831F900EF5CC7 /* DesignPatternBuilder-Prefix.pch */,
			);
			name = "Supporting Files";
			sourceTree = "<group>";
		};
		45A4876B195831F900EF5CC7 /* DesignPatternBuilderTests */ = {
			isa = PBXGroup;
			children = (
				45A48771195831F900EF5CC7 /* DesignPatternBuilderTests.m */,
				45A4876C195831F900EF5CC7 /* Supporting Files */,
			);
			path = DesignPatternBuilderTests;
			sourceTree = "<group>";
		};
		45A4876C195831F900EF5CC7 /* Supporting Files */ = {
			isa = PBXGroup;
			children = (
				45A4876D195831F900EF5CC7 /* DesignPatternBuilderTests-Info.plist */,
				45A4876E195831F900EF5CC7 /* InfoPlist.strings */,
			);
			name = "Supporting Files";
			sourceTree = "<group>";
		};
/* End PBXGroup section */

/* Begin PBXNativeTarget section */
		45A48742195831F900EF5CC7 /* DesignPatternBuilder */ = {
			isa = PBXNativeTarget;
			buildConfigurationList = 45A48775195831F900EF5CC7 /* Build configuration list for PBXNativeTarget "DesignPatternBuilder" */;
			buildPhases = (
				45A4873F195831F900EF5CC7 /* Sources */,
				45A48740195831F900EF5CC7 /* Frameworks */,
				45A48741195831F900EF5CC7 /* Resources */,
			);
			buildRules = (
			);
			dependencies = (
			);
			name = DesignPatternBuilder;
			productName = DesignPatternBuilder;
			productReference = 45A48743195831F900EF5CC7 /* DesignPatternBuilder.app */;
			productType = "com.apple.product-type.application";
		};
		45A48763195831F900EF5CC7 /* DesignPatternBuilderTests */ = {
			isa = PBXNativeTarget;
			buildConfigurationList = 45A48778195831F900EF5CC7 /* Build configuration list for PBXNativeTarget "DesignPatternBuilderTests" */;
			buildPhases = (
				45A48760195831F900EF5CC7 /* Sources */,
				45A48761195831F900EF5CC7 /* Frameworks */,
				45A48762195831F900EF5CC7 /* Resources */,
			);
			buildRules = (
			);
			dependencies = (
				45A4876A195831F900EF5CC7 /* PBXTargetDependency */,
			);
			name = DesignPatternBuilderTests;
			productName = DesignPatternBuilderTests;
			productReference = 45A48764195831F900EF5CC7 /* DesignPatternBuilderTests.xctest */;
			productType = "com.apple.product-type.bundle.unit-test";
		};
/* End PBXNativeTarget section */

/* Begin PBXProject section */
		45A4873B195831F900EF5CC7 /* Project object */ = {
			isa = PBXProject;
			attributes = {
				CLASSPREFIX = DPB;
				LastUpgradeCheck = 0510;
				ORGANIZATIONNAME = "Target Corporation";
				TargetAttributes = {
					45A48763195831F900EF5CC7 = {
						TestTargetID = 45A48742195831F900EF5CC7;
					};
				};
			};
			buildConfigurationList = 45A4873E195831F900EF5CC7 /* Build configuration list for PBXProject "DesignPatternBuilder" */;
			compatibilityVersion = "Xcode 3.2";
			developmentRegion = English;
			hasScannedForEncodings = 0;
			knownRegions = (
				en,
				Base,
			);
			mainGroup = 45A4873A195831F900EF5CC7;
			productRefGroup = 45A48744195831F900EF5CC7 /* Products */;
			projectDirPath = "";
			projectRoot = "";
			targets = (
				45A48742195831F900EF5CC7 /* DesignPatternBuilder */,
				45A48763195831F900EF5CC7 /* DesignPatternBuilderTests */,
			);
		};
/* End PBXProject section */

/* Begin PBXResourcesBuildPhase section */
		45A48741195831F900EF5CC7 /* Resources */ = {
			isa = PBXResourcesBuildPhase;
			buildActionMask = 2147483647;
			files = (
				45A4875F195831F900EF5CC7 /* Images.xcassets in Resources */,
				45A48751195831F900EF5CC7 /* InfoPlist.strings in Resources */,
				45A4875A195831F900EF5CC7 /* Main.storyboard in Resources */,
			);
			runOnlyForDeploymentPostprocessing = 0;
		};
		45A48762195831F900EF5CC7 /* Resources */ = {
			isa = PBXResourcesBuildPhase;
			buildActionMask = 2147483647;
			files = (
				45A48770195831F900EF5CC7 /* InfoPlist.strings in Resources */,
			);
			runOnlyForDeploymentPostprocessing = 0;
		};
/* End PBXResourcesBuildPhase section */

/* Begin PBXSourcesBuildPhase section */
		45A4873F195831F900EF5CC7 /* Sources */ = {
			isa = PBXSourcesBuildPhase;
			buildActionMask = 2147483647;
			files = (
				45A4878F1958512C00EF5CC7 /* DPBCoupeCar.m in Sources */,
				45A48753195831F900EF5CC7 /* main.m in Sources */,
				45A4877D195832CE00EF5CC7 /* DPBVehicle.m in Sources */,
				45A487801958367200EF5CC7 /* DPBVehicleBuilder.m in Sources */,
				45A4878C19584F4900EF5CC7 /* DPBSportsCar.m in Sources */,
				45A4875D195831F900EF5CC7 /* DPBViewController.m in Sources */,
				45A48757195831F900EF5CC7 /* DPBAppDelegate.m in Sources */,
				45A4878319583A1100EF5CC7 /* DPBVehicleAssemblyPlant.m in Sources */,
			);
			runOnlyForDeploymentPostprocessing = 0;
		};
		45A48760195831F900EF5CC7 /* Sources */ = {
			isa = PBXSourcesBuildPhase;
			buildActionMask = 2147483647;
			files = (
				45A48772195831F900EF5CC7 /* DesignPatternBuilderTests.m in Sources */,
			);
			runOnlyForDeploymentPostprocessing = 0;
		};
/* End PBXSourcesBuildPhase section */

/* Begin PBXTargetDependency section */
		45A4876A195831F900EF5CC7 /* PBXTargetDependency */ = {
			isa = PBXTargetDependency;
			target = 45A48742195831F900EF5CC7 /* DesignPatternBuilder */;
			targetProxy = 45A48769195831F900EF5CC7 /* PBXContainerItemProxy */;
		};
/* End PBXTargetDependency section */

/* Begin PBXVariantGroup section */
		45A4874F195831F900EF5CC7 /* InfoPlist.strings */ = {
			isa = PBXVariantGroup;
			children = (
				45A48750195831F900EF5CC7 /* en */,
			);
			name = InfoPlist.strings;
			sourceTree = "<group>";
		};
		45A48758195831F900EF5CC7 /* Main.storyboard */ = {
			isa = PBXVariantGroup;
			children = (
				45A48759195831F900EF5CC7 /* Base */,
			);
			name = Main.storyboard;
			sourceTree = "<group>";
		};
		45A4876E195831F900EF5CC7 /* InfoPlist.strings */ = {
			isa = PBXVariantGroup;
			children = (
				45A4876F195831F900EF5CC7 /* en */,
			);
			name = InfoPlist.strings;
			sourceTree = "<group>";
		};
/* End PBXVariantGroup section */

/* Begin XCBuildConfiguration section */
		45A48773195831F900EF5CC7 /* Debug */ = {
			isa = XCBuildConfiguration;
			buildSettings = {
				ALWAYS_SEARCH_USER_PATHS = NO;
				CLANG_CXX_LANGUAGE_STANDARD = "gnu++0x";
				CLANG_CXX_LIBRARY = "libc++";
				CLANG_ENABLE_MODULES = YES;
				CLANG_ENABLE_OBJC_ARC = YES;
				CLANG_WARN_BOOL_CONVERSION = YES;
				CLANG_WARN_CONSTANT_CONVERSION = YES;
				CLANG_WARN_DIRECT_OBJC_ISA_USAGE = YES_ERROR;
				CLANG_WARN_EMPTY_BODY = YES;
				CLANG_WARN_ENUM_CONVERSION = YES;
				CLANG_WARN_INT_CONVERSION = YES;
				CLANG_WARN_OBJC_ROOT_CLASS = YES_ERROR;
				CLANG_WARN__DUPLICATE_METHOD_MATCH = YES;
				"CODE_SIGN_IDENTITY[sdk=iphoneos*]" = "iPhone Developer";
				COPY_PHASE_STRIP = NO;
				GCC_C_LANGUAGE_STANDARD = gnu99;
				GCC_DYNAMIC_NO_PIC = NO;
				GCC_OPTIMIZATION_LEVEL = 0;
				GCC_PREPROCESSOR_DEFINITIONS = (
					"DEBUG=1",
					"$(inherited)",
				);
				GCC_SYMBOLS_PRIVATE_EXTERN = NO;
				GCC_WARN_64_TO_32_BIT_CONVERSION = YES;
				GCC_WARN_ABOUT_RETURN_TYPE = YES_ERROR;
				GCC_WARN_UNDECLARED_SELECTOR = YES;
				GCC_WARN_UNINITIALIZED_AUTOS = YES_AGGRESSIVE;
				GCC_WARN_UNUSED_FUNCTION = YES;
				GCC_WARN_UNUSED_VARIABLE = YES;
				IPHONEOS_DEPLOYMENT_TARGET = 7.1;
				ONLY_ACTIVE_ARCH = YES;
				SDKROOT = iphoneos;
			};
			name = Debug;
		};
		45A48774195831F900EF5CC7 /* Release */ = {
			isa = XCBuildConfiguration;
			buildSettings = {
				ALWAYS_SEARCH_USER_PATHS = NO;
				CLANG_CXX_LANGUAGE_STANDARD = "gnu++0x";
				CLANG_CXX_LIBRARY = "libc++";
				CLANG_ENABLE_MODULES = YES;
				CLANG_ENABLE_OBJC_ARC = YES;
				CLANG_WARN_BOOL_CONVERSION = YES;
				CLANG_WARN_CONSTANT_CONVERSION = YES;
				CLANG_WARN_DIRECT_OBJC_ISA_USAGE = YES_ERROR;
				CLANG_WARN_EMPTY_BODY = YES;
				CLANG_WARN_ENUM_CONVERSION = YES;
				CLANG_WARN_INT_CONVERSION = YES;
				CLANG_WARN_OBJC_ROOT_CLASS = YES_ERROR;
				CLANG_WARN__DUPLICATE_METHOD_MATCH = YES;
				"CODE_SIGN_IDENTITY[sdk=iphoneos*]" = "iPhone Developer";
				COPY_PHASE_STRIP = YES;
				ENABLE_NS_ASSERTIONS = NO;
				GCC_C_LANGUAGE_STANDARD = gnu99;
				GCC_WARN_64_TO_32_BIT_CONVERSION = YES;
				GCC_WARN_ABOUT_RETURN_TYPE = YES_ERROR;
				GCC_WARN_UNDECLARED_SELECTOR = YES;
				GCC_WARN_UNINITIALIZED_AUTOS = YES_AGGRESSIVE;
				GCC_WARN_UNUSED_FUNCTION = YES;
				GCC_WARN_UNUSED_VARIABLE = YES;
				IPHONEOS_DEPLOYMENT_TARGET = 7.1;
				SDKROOT = iphoneos;
				VALIDATE_PRODUCT = YES;
			};
			name = Release;
		};
		45A48776195831F900EF5CC7 /* Debug */ = {
			isa = XCBuildConfiguration;
			buildSettings = {
				ASSETCATALOG_COMPILER_APPICON_NAME = AppIcon;
				ASSETCATALOG_COMPILER_LAUNCHIMAGE_NAME = LaunchImage;
				GCC_PRECOMPILE_PREFIX_HEADER = YES;
				GCC_PREFIX_HEADER = "DesignPatternBuilder/DesignPatternBuilder-Prefix.pch";
				INFOPLIST_FILE = "DesignPatternBuilder/DesignPatternBuilder-Info.plist";
				PRODUCT_NAME = "$(TARGET_NAME)";
				WRAPPER_EXTENSION = app;
			};
			name = Debug;
		};
		45A48777195831F900EF5CC7 /* Release */ = {
			isa = XCBuildConfiguration;
			buildSettings = {
				ASSETCATALOG_COMPILER_APPICON_NAME = AppIcon;
				ASSETCATALOG_COMPILER_LAUNCHIMAGE_NAME = LaunchImage;
				GCC_PRECOMPILE_PREFIX_HEADER = YES;
				GCC_PREFIX_HEADER = "DesignPatternBuilder/DesignPatternBuilder-Prefix.pch";
				INFOPLIST_FILE = "DesignPatternBuilder/DesignPatternBuilder-Info.plist";
				PRODUCT_NAME = "$(TARGET_NAME)";
				WRAPPER_EXTENSION = app;
			};
			name = Release;
		};
		45A48779195831F900EF5CC7 /* Debug */ = {
			isa = XCBuildConfiguration;
			buildSettings = {
				BUNDLE_LOADER = "$(BUILT_PRODUCTS_DIR)/DesignPatternBuilder.app/DesignPatternBuilder";
				FRAMEWORK_SEARCH_PATHS = (
					"$(SDKROOT)/Developer/Library/Frameworks",
					"$(inherited)",
					"$(DEVELOPER_FRAMEWORKS_DIR)",
				);
				GCC_PRECOMPILE_PREFIX_HEADER = YES;
				GCC_PREFIX_HEADER = "DesignPatternBuilder/DesignPatternBuilder-Prefix.pch";
				GCC_PREPROCESSOR_DEFINITIONS = (
					"DEBUG=1",
					"$(inherited)",
				);
				INFOPLIST_FILE = "DesignPatternBuilderTests/DesignPatternBuilderTests-Info.plist";
				PRODUCT_NAME = "$(TARGET_NAME)";
				TEST_HOST = "$(BUNDLE_LOADER)";
				WRAPPER_EXTENSION = xctest;
			};
			name = Debug;
		};
		45A4877A195831F900EF5CC7 /* Release */ = {
			isa = XCBuildConfiguration;
			buildSettings = {
				BUNDLE_LOADER = "$(BUILT_PRODUCTS_DIR)/DesignPatternBuilder.app/DesignPatternBuilder";
				FRAMEWORK_SEARCH_PATHS = (
					"$(SDKROOT)/Developer/Library/Frameworks",
					"$(inherited)",
					"$(DEVELOPER_FRAMEWORKS_DIR)",
				);
				GCC_PRECOMPILE_PREFIX_HEADER = YES;
				GCC_PREFIX_HEADER = "DesignPatternBuilder/DesignPatternBuilder-Prefix.pch";
				INFOPLIST_FILE = "DesignPatternBuilderTests/DesignPatternBuilderTests-Info.plist";
				PRODUCT_NAME = "$(TARGET_NAME)";
				TEST_HOST = "$(BUNDLE_LOADER)";
				WRAPPER_EXTENSION = xctest;
			};
			name = Release;
		};
/* End XCBuildConfiguration section */

/* Begin XCConfigurationList section */
		45A4873E195831F900EF5CC7 /* Build configuration list for PBXProject "DesignPatternBuilder" */ = {
			isa = XCConfigurationList;
			buildConfigurations = (
				45A48773195831F900EF5CC7 /* Debug */,
				45A48774195831F900EF5CC7 /* Release */,
			);
			defaultConfigurationIsVisible = 0;
			defaultConfigurationName = Release;
		};
		45A48775195831F900EF5CC7 /* Build configuration list for PBXNativeTarget "DesignPatternBuilder" */ = {
			isa = XCConfigurationList;
			buildConfigurations = (
				45A48776195831F900EF5CC7 /* Debug */,
				45A48777195831F900EF5CC7 /* Release */,
			);
			defaultConfigurationIsVisible = 0;
		};
		45A48778195831F900EF5CC7 /* Build configuration list for PBXNativeTarget "DesignPatternBuilderTests" */ = {
			isa = XCConfigurationList;
			buildConfigurations = (
				45A48779195831F900EF5CC7 /* Debug */,
				45A4877A195831F900EF5CC7 /* Release */,
			);
			defaultConfigurationIsVisible = 0;
		};
/* End XCConfigurationList section */
	};
	rootObject = 45A4873B195831F900EF5CC7 /* Project object */;
}
